
Microsoft Visual Studio Solution File, Format Version 12.00
# Visual Studio 15
VisualStudioVersion = 15.0.27428.2015
MinimumVisualStudioVersion = 10.0.40219.1
Project("{FAE04EC0-301F-11D3-BF4B-00C04F79EFBC}") = "SimpleImageGallery", "SimpleImageGallery\SimpleImageGallery.csproj", "{788AB1AB-A48A-4AA4-958A-5D6056736171}"
EndProject
Global
	GlobalSection(SolutionConfigurationPlatforms) = preSolution
		Debug|Any CPU = Debug|Any CPU
		Release|Any CPU = Release|Any CPU
	EndGlobalSection
	GlobalSection(ProjectConfigurationPlatforms) = postSolution
		{788AB1AB-A48A-4AA4-958A-5D6056736171}.Debug|Any CPU.ActiveCfg = Debug|Any CPU
		{788AB1AB-A48A-4AA4-958A-5D6056736171}.Debug|Any CPU.Build.0 = Debug|Any CPU
		{788AB1AB-A48A-4AA4-958A-5D6056736171}.Release|Any CPU.ActiveCfg = Release|Any CPU
		{788AB1AB-A48A-4AA4-958A-5D6056736171}.Release|Any CPU.Build.0 = Release|Any CPU
	EndGlobalSection
	GlobalSection(SolutionProperties) = preSolution
		HideSolutionNode = FALSE
	EndGlobalSection
	GlobalSection(ExtensibilityGlobals) = postSolution
		SolutionGuid = {C4202434-65E0-4355-9EA3-1114CF0BA286}
	EndGlobalSection
EndGlobal
